
Microsoft Visual Studio Solution File, Format Version 12.00
# Visual Studio Version 17
VisualStudioVersion = 17.6.33829.357
MinimumVisualStudioVersion = 10.0.40219.1
Project("{FAE04EC0-301F-11D3-BF4B-00C04F79EFBC}") = "Tiendita", "Tiendita.csproj", "{67787030-D890-4086-B691-7A6089763878}"
EndProject
Global
	GlobalSection(SolutionConfigurationPlatforms) = preSolution
		Debug|Any CPU = Debug|Any CPU
		Release|Any CPU = Release|Any CPU
	EndGlobalSection
	GlobalSection(ProjectConfigurationPlatforms) = postSolution
		{67787030-D890-4086-B691-7A6089763878}.Debug|Any CPU.ActiveCfg = Debug|Any CPU
		{67787030-D890-4086-B691-7A6089763878}.Debug|Any CPU.Build.0 = Debug|Any CPU
		{67787030-D890-4086-B691-7A6089763878}.Release|Any CPU.ActiveCfg = Release|Any CPU
		{67787030-D890-4086-B691-7A6089763878}.Release|Any CPU.Build.0 = Release|Any CPU
	EndGlobalSection
	GlobalSection(SolutionProperties) = preSolution
		HideSolutionNode = FALSE
	EndGlobalSection
	GlobalSection(ExtensibilityGlobals) = postSolution
		SolutionGuid = {3DC4AD8C-5050-405E-A409-65B1723DCE63}
	EndGlobalSection
EndGlobal
